
Microsoft Visual Studio Solution File, Format Version 12.00
# Visual Studio Version 16
VisualStudioVersion = 16.0.30011.22
MinimumVisualStudioVersion = 10.0.40219.1
Project("{FAE04EC0-301F-11D3-BF4B-00C04F79EFBC}") = "Automation Anywhere", "Automation Anywhere\Automation Anywhere.csproj", "{EF8AB569-8DE3-40CC-82FC-894B079CA6CF}"
EndProject
Global
	GlobalSection(SolutionConfigurationPlatforms) = preSolution
		Debug|Any CPU = Debug|Any CPU
		Release|Any CPU = Release|Any CPU
	EndGlobalSection
	GlobalSection(ProjectConfigurationPlatforms) = postSolution
		{EF8AB569-8DE3-40CC-82FC-894B079CA6CF}.Debug|Any CPU.ActiveCfg = Debug|Any CPU
		{EF8AB569-8DE3-40CC-82FC-894B079CA6CF}.Debug|Any CPU.Build.0 = Debug|Any CPU
		{EF8AB569-8DE3-40CC-82FC-894B079CA6CF}.Release|Any CPU.ActiveCfg = Release|Any CPU
		{EF8AB569-8DE3-40CC-82FC-894B079CA6CF}.Release|Any CPU.Build.0 = Release|Any CPU
	EndGlobalSection
	GlobalSection(SolutionProperties) = preSolution
		HideSolutionNode = FALSE
	EndGlobalSection
	GlobalSection(ExtensibilityGlobals) = postSolution
		SolutionGuid = {2CFF096A-2E15-4169-8254-581F05E55A39}
	EndGlobalSection
EndGlobal
