
Microsoft Visual Studio Solution File, Format Version 12.00
# Visual Studio Version 16
VisualStudioVersion = 16.0.30011.22
MinimumVisualStudioVersion = 10.0.40219.1
Project("{FAE04EC0-301F-11D3-BF4B-00C04F79EFBC}") = "Algorithms_Toolbox_Week3", "Algorithms_Toolbox_Week3\Algorithms_Toolbox_Week3.csproj", "{A37DCE38-9C93-4222-ADF9-8D14FBF7654D}"
EndProject
Global
	GlobalSection(SolutionConfigurationPlatforms) = preSolution
		Debug|Any CPU = Debug|Any CPU
		Release|Any CPU = Release|Any CPU
	EndGlobalSection
	GlobalSection(ProjectConfigurationPlatforms) = postSolution
		{A37DCE38-9C93-4222-ADF9-8D14FBF7654D}.Debug|Any CPU.ActiveCfg = Debug|Any CPU
		{A37DCE38-9C93-4222-ADF9-8D14FBF7654D}.Debug|Any CPU.Build.0 = Debug|Any CPU
		{A37DCE38-9C93-4222-ADF9-8D14FBF7654D}.Release|Any CPU.ActiveCfg = Release|Any CPU
		{A37DCE38-9C93-4222-ADF9-8D14FBF7654D}.Release|Any CPU.Build.0 = Release|Any CPU
	EndGlobalSection
	GlobalSection(SolutionProperties) = preSolution
		HideSolutionNode = FALSE
	EndGlobalSection
	GlobalSection(ExtensibilityGlobals) = postSolution
		SolutionGuid = {A62F08B6-A85C-44CD-A60C-3D27EA17A86B}
	EndGlobalSection
EndGlobal
