
Microsoft Visual Studio Solution File, Format Version 12.00
# Visual Studio Version 16
VisualStudioVersion = 16.0.30011.22
MinimumVisualStudioVersion = 10.0.40219.1
Project("{FAE04EC0-301F-11D3-BF4B-00C04F79EFBC}") = "CodeWars", "CodeWars\CodeWars.csproj", "{60940A36-D04D-406A-A6B4-384A9D49532D}"
EndProject
Global
	GlobalSection(SolutionConfigurationPlatforms) = preSolution
		Debug|Any CPU = Debug|Any CPU
		Release|Any CPU = Release|Any CPU
	EndGlobalSection
	GlobalSection(ProjectConfigurationPlatforms) = postSolution
		{60940A36-D04D-406A-A6B4-384A9D49532D}.Debug|Any CPU.ActiveCfg = Debug|Any CPU
		{60940A36-D04D-406A-A6B4-384A9D49532D}.Debug|Any CPU.Build.0 = Debug|Any CPU
		{60940A36-D04D-406A-A6B4-384A9D49532D}.Release|Any CPU.ActiveCfg = Release|Any CPU
		{60940A36-D04D-406A-A6B4-384A9D49532D}.Release|Any CPU.Build.0 = Release|Any CPU
	EndGlobalSection
	GlobalSection(SolutionProperties) = preSolution
		HideSolutionNode = FALSE
	EndGlobalSection
	GlobalSection(ExtensibilityGlobals) = postSolution
		SolutionGuid = {433EC060-6D47-43CD-85DC-FE312B05A982}
	EndGlobalSection
EndGlobal
